// !$*UTF8*$!
{
	archiveVersion = 1;
	classes = {
	};
	objectVersion = 56;
	objects = {

/* Begin PBXBuildFile section */
		963524502CEB350400F7634A /* IAPManager in Frameworks */ = {isa = PBXBuildFile; productRef = 9635244F2CEB350400F7634A /* IAPManager */; };
		96BA88352CE463AE00A33F96 /* AppDelegate.swift in Sources */ = {isa = PBXBuildFile; fileRef = 96BA88342CE463AE00A33F96 /* AppDelegate.swift */; };
		96BA88372CE463AE00A33F96 /* SceneDelegate.swift in Sources */ = {isa = PBXBuildFile; fileRef = 96BA88362CE463AE00A33F96 /* SceneDelegate.swift */; };
		96BA88392CE463AE00A33F96 /* ViewController.swift in Sources */ = {isa = PBXBuildFile; fileRef = 96BA88382CE463AE00A33F96 /* ViewController.swift */; };
		96BA883C2CE463AE00A33F96 /* Main.storyboard in Resources */ = {isa = PBXBuildFile; fileRef = 96BA883A2CE463AE00A33F96 /* Main.storyboard */; };
		96BA883E2CE463B000A33F96 /* Assets.xcassets in Resources */ = {isa = PBXBuildFile; fileRef = 96BA883D2CE463B000A33F96 /* Assets.xcassets */; };
		96BA88412CE463B000A33F96 /* LaunchScreen.storyboard in Resources */ = {isa = PBXBuildFile; fileRef = 96BA883F2CE463B000A33F96 /* LaunchScreen.storyboard */; };
		96BA884F2CE5D90800A33F96 /* AppProduct.swift in Sources */ = {isa = PBXBuildFile; fileRef = 96BA884E2CE5D90800A33F96 /* AppProduct.swift */; };
		96BA88522CE5D94400A33F96 /* AppPermission.swift in Sources */ = {isa = PBXBuildFile; fileRef = 96BA88512CE5D94400A33F96 /* AppPermission.swift */; };
		96BA88562CE605C800A33F96 /* PermissionManager.swift in Sources */ = {isa = PBXBuildFile; fileRef = 96BA88552CE605C800A33F96 /* PermissionManager.swift */; };
		96BA88582CE6F2F000A33F96 /* ProductManager.swift in Sources */ = {isa = PBXBuildFile; fileRef = 96BA88572CE6F2F000A33F96 /* ProductManager.swift */; };
		96C06F932CED8F87003423C5 /* IAPManager in Frameworks */ = {isa = PBXBuildFile; productRef = 96C06F922CED8F87003423C5 /* IAPManager */; };
/* End PBXBuildFile section */

/* Begin PBXFileReference section */
		96BA88312CE463AE00A33F96 /* DemoIAP.app */ = {isa = PBXFileReference; explicitFileType = wrapper.application; includeInIndex = 0; path = DemoIAP.app; sourceTree = BUILT_PRODUCTS_DIR; };
		96BA88342CE463AE00A33F96 /* AppDelegate.swift */ = {isa = PBXFileReference; lastKnownFileType = sourcecode.swift; path = AppDelegate.swift; sourceTree = "<group>"; };
		96BA88362CE463AE00A33F96 /* SceneDelegate.swift */ = {isa = PBXFileReference; lastKnownFileType = sourcecode.swift; path = SceneDelegate.swift; sourceTree = "<group>"; };
		96BA88382CE463AE00A33F96 /* ViewController.swift */ = {isa = PBXFileReference; lastKnownFileType = sourcecode.swift; path = ViewController.swift; sourceTree = "<group>"; };
		96BA883B2CE463AE00A33F96 /* Base */ = {isa = PBXFileReference; lastKnownFileType = file.storyboard; name = Base; path = Base.lproj/Main.storyboard; sourceTree = "<group>"; };
		96BA883D2CE463B000A33F96 /* Assets.xcassets */ = {isa = PBXFileReference; lastKnownFileType = folder.assetcatalog; path = Assets.xcassets; sourceTree = "<group>"; };
		96BA88402CE463B000A33F96 /* Base */ = {isa = PBXFileReference; lastKnownFileType = file.storyboard; name = Base; path = Base.lproj/LaunchScreen.storyboard; sourceTree = "<group>"; };
		96BA88422CE463B000A33F96 /* Info.plist */ = {isa = PBXFileReference; lastKnownFileType = text.plist.xml; path = Info.plist; sourceTree = "<group>"; };
		96BA884E2CE5D90800A33F96 /* AppProduct.swift */ = {isa = PBXFileReference; lastKnownFileType = sourcecode.swift; path = AppProduct.swift; sourceTree = "<group>"; };
		96BA88512CE5D94400A33F96 /* AppPermission.swift */ = {isa = PBXFileReference; lastKnownFileType = sourcecode.swift; path = AppPermission.swift; sourceTree = "<group>"; };
		96BA88552CE605C800A33F96 /* PermissionManager.swift */ = {isa = PBXFileReference; lastKnownFileType = sourcecode.swift; path = PermissionManager.swift; sourceTree = "<group>"; };
		96BA88572CE6F2F000A33F96 /* ProductManager.swift */ = {isa = PBXFileReference; lastKnownFileType = sourcecode.swift; path = ProductManager.swift; sourceTree = "<group>"; };
/* End PBXFileReference section */

/* Begin PBXFrameworksBuildPhase section */
		96BA882E2CE463AE00A33F96 /* Frameworks */ = {
			isa = PBXFrameworksBuildPhase;
			buildActionMask = 2147483647;
			files = (
				963524502CEB350400F7634A /* IAPManager in Frameworks */,
				96C06F932CED8F87003423C5 /* IAPManager in Frameworks */,
			);
			runOnlyForDeploymentPostprocessing = 0;
		};
/* End PBXFrameworksBuildPhase section */

/* Begin PBXGroup section */
		96BA88282CE463AE00A33F96 = {
			isa = PBXGroup;
			children = (
				96BA88332CE463AE00A33F96 /* DemoIAP */,
				96BA88322CE463AE00A33F96 /* Products */,
			);
			sourceTree = "<group>";
		};
		96BA88322CE463AE00A33F96 /* Products */ = {
			isa = PBXGroup;
			children = (
				96BA88312CE463AE00A33F96 /* DemoIAP.app */,
			);
			name = Products;
			sourceTree = "<group>";
		};
		96BA88332CE463AE00A33F96 /* DemoIAP */ = {
			isa = PBXGroup;
			children = (
				96BA88342CE463AE00A33F96 /* AppDelegate.swift */,
				96BA88362CE463AE00A33F96 /* SceneDelegate.swift */,
				96BA883A2CE463AE00A33F96 /* Main.storyboard */,
				96BA883F2CE463B000A33F96 /* LaunchScreen.storyboard */,
				96BA88382CE463AE00A33F96 /* ViewController.swift */,
				96BA883D2CE463B000A33F96 /* Assets.xcassets */,
				96BA88422CE463B000A33F96 /* Info.plist */,
				96BA884E2CE5D90800A33F96 /* AppProduct.swift */,
				96BA88512CE5D94400A33F96 /* AppPermission.swift */,
				96BA88572CE6F2F000A33F96 /* ProductManager.swift */,
				96BA88552CE605C800A33F96 /* PermissionManager.swift */,
			);
			path = DemoIAP;
			sourceTree = "<group>";
		};
/* End PBXGroup section */

/* Begin PBXNativeTarget section */
		96BA88302CE463AE00A33F96 /* DemoIAP */ = {
			isa = PBXNativeTarget;
			buildConfigurationList = 96BA88452CE463B000A33F96 /* Build configuration list for PBXNativeTarget "DemoIAP" */;
			buildPhases = (
				96BA882D2CE463AE00A33F96 /* Sources */,
				96BA882E2CE463AE00A33F96 /* Frameworks */,
				96BA882F2CE463AE00A33F96 /* Resources */,
			);
			buildRules = (
			);
			dependencies = (
			);
			name = DemoIAP;
			packageProductDependencies = (
				9635244F2CEB350400F7634A /* IAPManager */,
				96C06F922CED8F87003423C5 /* IAPManager */,
			);
			productName = DemoIAP;
			productReference = 96BA88312CE463AE00A33F96 /* DemoIAP.app */;
			productType = "com.apple.product-type.application";
		};
/* End PBXNativeTarget section */

/* Begin PBXProject section */
		96BA88292CE463AE00A33F96 /* Project object */ = {
			isa = PBXProject;
			attributes = {
				BuildIndependentTargetsInParallel = 1;
				LastSwiftUpdateCheck = 1520;
				LastUpgradeCheck = 1520;
				TargetAttributes = {
					96BA88302CE463AE00A33F96 = {
						CreatedOnToolsVersion = 15.2;
					};
				};
			};
			buildConfigurationList = 96BA882C2CE463AE00A33F96 /* Build configuration list for PBXProject "DemoIAP" */;
			compatibilityVersion = "Xcode 14.0";
			developmentRegion = en;
			hasScannedForEncodings = 0;
			knownRegions = (
				en,
				Base,
			);
			mainGroup = 96BA88282CE463AE00A33F96;
			packageReferences = (
				96C06F912CED8F86003423C5 /* XCRemoteSwiftPackageReference "IAPManager" */,
			);
			productRefGroup = 96BA88322CE463AE00A33F96 /* Products */;
			projectDirPath = "";
			projectRoot = "";
			targets = (
				96BA88302CE463AE00A33F96 /* DemoIAP */,
			);
		};
/* End PBXProject section */

/* Begin PBXResourcesBuildPhase section */
		96BA882F2CE463AE00A33F96 /* Resources */ = {
			isa = PBXResourcesBuildPhase;
			buildActionMask = 2147483647;
			files = (
				96BA88412CE463B000A33F96 /* LaunchScreen.storyboard in Resources */,
				96BA883E2CE463B000A33F96 /* Assets.xcassets in Resources */,
				96BA883C2CE463AE00A33F96 /* Main.storyboard in Resources */,
			);
			runOnlyForDeploymentPostprocessing = 0;
		};
/* End PBXResourcesBuildPhase section */

/* Begin PBXSourcesBuildPhase section */
		96BA882D2CE463AE00A33F96 /* Sources */ = {
			isa = PBXSourcesBuildPhase;
			buildActionMask = 2147483647;
			files = (
				96BA88522CE5D94400A33F96 /* AppPermission.swift in Sources */,
				96BA88582CE6F2F000A33F96 /* ProductManager.swift in Sources */,
				96BA88392CE463AE00A33F96 /* ViewController.swift in Sources */,
				96BA88352CE463AE00A33F96 /* AppDelegate.swift in Sources */,
				96BA88562CE605C800A33F96 /* PermissionManager.swift in Sources */,
				96BA884F2CE5D90800A33F96 /* AppProduct.swift in Sources */,
				96BA88372CE463AE00A33F96 /* SceneDelegate.swift in Sources */,
			);
			runOnlyForDeploymentPostprocessing = 0;
		};
/* End PBXSourcesBuildPhase section */

/* Begin PBXVariantGroup section */
		96BA883A2CE463AE00A33F96 /* Main.storyboard */ = {
			isa = PBXVariantGroup;
			children = (
				96BA883B2CE463AE00A33F96 /* Base */,
			);
			name = Main.storyboard;
			sourceTree = "<group>";
		};
		96BA883F2CE463B000A33F96 /* LaunchScreen.storyboard */ = {
			isa = PBXVariantGroup;
			children = (
				96BA88402CE463B000A33F96 /* Base */,
			);
			name = LaunchScreen.storyboard;
			sourceTree = "<group>";
		};
/* End PBXVariantGroup section */

/* Begin XCBuildConfiguration section */
		96BA88432CE463B000A33F96 /* Debug */ = {
			isa = XCBuildConfiguration;
			buildSettings = {
				ALWAYS_SEARCH_USER_PATHS = NO;
				ASSETCATALOG_COMPILER_GENERATE_SWIFT_ASSET_SYMBOL_EXTENSIONS = YES;
				CLANG_ANALYZER_NONNULL = YES;
				CLANG_ANALYZER_NUMBER_OBJECT_CONVERSION = YES_AGGRESSIVE;
				CLANG_CXX_LANGUAGE_STANDARD = "gnu++20";
				CLANG_ENABLE_MODULES = YES;
				CLANG_ENABLE_OBJC_ARC = YES;
				CLANG_ENABLE_OBJC_WEAK = YES;
				CLANG_WARN_BLOCK_CAPTURE_AUTORELEASING = YES;
				CLANG_WARN_BOOL_CONVERSION = YES;
				CLANG_WARN_COMMA = YES;
				CLANG_WARN_CONSTANT_CONVERSION = YES;
				CLANG_WARN_DEPRECATED_OBJC_IMPLEMENTATIONS = YES;
				CLANG_WARN_DIRECT_OBJC_ISA_USAGE = YES_ERROR;
				CLANG_WARN_DOCUMENTATION_COMMENTS = YES;
				CLANG_WARN_EMPTY_BODY = YES;
				CLANG_WARN_ENUM_CONVERSION = YES;
				CLANG_WARN_INFINITE_RECURSION = YES;
				CLANG_WARN_INT_CONVERSION = YES;
				CLANG_WARN_NON_LITERAL_NULL_CONVERSION = YES;
				CLANG_WARN_OBJC_IMPLICIT_RETAIN_SELF = YES;
				CLANG_WARN_OBJC_LITERAL_CONVERSION = YES;
				CLANG_WARN_OBJC_ROOT_CLASS = YES_ERROR;
				CLANG_WARN_QUOTED_INCLUDE_IN_FRAMEWORK_HEADER = YES;
				CLANG_WARN_RANGE_LOOP_ANALYSIS = YES;
				CLANG_WARN_STRICT_PROTOTYPES = YES;
				CLANG_WARN_SUSPICIOUS_MOVE = YES;
				CLANG_WARN_UNGUARDED_AVAILABILITY = YES_AGGRESSIVE;
				CLANG_WARN_UNREACHABLE_CODE = YES;
				CLANG_WARN__DUPLICATE_METHOD_MATCH = YES;
				COPY_PHASE_STRIP = NO;
				DEBUG_INFORMATION_FORMAT = dwarf;
				ENABLE_STRICT_OBJC_MSGSEND = YES;
				ENABLE_TESTABILITY = YES;
				ENABLE_USER_SCRIPT_SANDBOXING = YES;
				GCC_C_LANGUAGE_STANDARD = gnu17;
				GCC_DYNAMIC_NO_PIC = NO;
				GCC_NO_COMMON_BLOCKS = YES;
				GCC_OPTIMIZATION_LEVEL = 0;
				GCC_PREPROCESSOR_DEFINITIONS = (
					"DEBUG=1",
					"$(inherited)",
				);
				GCC_WARN_64_TO_32_BIT_CONVERSION = YES;
				GCC_WARN_ABOUT_RETURN_TYPE = YES_ERROR;
				GCC_WARN_UNDECLARED_SELECTOR = YES;
				GCC_WARN_UNINITIALIZED_AUTOS = YES_AGGRESSIVE;
				GCC_WARN_UNUSED_FUNCTION = YES;
				GCC_WARN_UNUSED_VARIABLE = YES;
				IPHONEOS_DEPLOYMENT_TARGET = 15.0;
				LOCALIZATION_PREFERS_STRING_CATALOGS = YES;
				MTL_ENABLE_DEBUG_INFO = INCLUDE_SOURCE;
				MTL_FAST_MATH = YES;
				ONLY_ACTIVE_ARCH = YES;
				SDKROOT = iphoneos;
				SWIFT_ACTIVE_COMPILATION_CONDITIONS = "DEBUG $(inherited)";
				SWIFT_OPTIMIZATION_LEVEL = "-Onone";
			};
			name = Debug;
		};
		96BA88442CE463B000A33F96 /* Release */ = {
			isa = XCBuildConfiguration;
			buildSettings = {
				ALWAYS_SEARCH_USER_PATHS = NO;
				ASSETCATALOG_COMPILER_GENERATE_SWIFT_ASSET_SYMBOL_EXTENSIONS = YES;
				CLANG_ANALYZER_NONNULL = YES;
				CLANG_ANALYZER_NUMBER_OBJECT_CONVERSION = YES_AGGRESSIVE;
				CLANG_CXX_LANGUAGE_STANDARD = "gnu++20";
				CLANG_ENABLE_MODULES = YES;
				CLANG_ENABLE_OBJC_ARC = YES;
				CLANG_ENABLE_OBJC_WEAK = YES;
				CLANG_WARN_BLOCK_CAPTURE_AUTORELEASING = YES;
				CLANG_WARN_BOOL_CONVERSION = YES;
				CLANG_WARN_COMMA = YES;
				CLANG_WARN_CONSTANT_CONVERSION = YES;
				CLANG_WARN_DEPRECATED_OBJC_IMPLEMENTATIONS = YES;
				CLANG_WARN_DIRECT_OBJC_ISA_USAGE = YES_ERROR;
				CLANG_WARN_DOCUMENTATION_COMMENTS = YES;
				CLANG_WARN_EMPTY_BODY = YES;
				CLANG_WARN_ENUM_CONVERSION = YES;
				CLANG_WARN_INFINITE_RECURSION = YES;
				CLANG_WARN_INT_CONVERSION = YES;
				CLANG_WARN_NON_LITERAL_NULL_CONVERSION = YES;
				CLANG_WARN_OBJC_IMPLICIT_RETAIN_SELF = YES;
				CLANG_WARN_OBJC_LITERAL_CONVERSION = YES;
				CLANG_WARN_OBJC_ROOT_CLASS = YES_ERROR;
				CLANG_WARN_QUOTED_INCLUDE_IN_FRAMEWORK_HEADER = YES;
				CLANG_WARN_RANGE_LOOP_ANALYSIS = YES;
				CLANG_WARN_STRICT_PROTOTYPES = YES;
				CLANG_WARN_SUSPICIOUS_MOVE = YES;
				CLANG_WARN_UNGUARDED_AVAILABILITY = YES_AGGRESSIVE;
				CLANG_WARN_UNREACHABLE_CODE = YES;
				CLANG_WARN__DUPLICATE_METHOD_MATCH = YES;
				COPY_PHASE_STRIP = NO;
				DEBUG_INFORMATION_FORMAT = "dwarf-with-dsym";
				ENABLE_NS_ASSERTIONS = NO;
				ENABLE_STRICT_OBJC_MSGSEND = YES;
				ENABLE_USER_SCRIPT_SANDBOXING = YES;
				GCC_C_LANGUAGE_STANDARD = gnu17;
				GCC_NO_COMMON_BLOCKS = YES;
				GCC_WARN_64_TO_32_BIT_CONVERSION = YES;
				GCC_WARN_ABOUT_RETURN_TYPE = YES_ERROR;
				GCC_WARN_UNDECLARED_SELECTOR = YES;
				GCC_WARN_UNINITIALIZED_AUTOS = YES_AGGRESSIVE;
				GCC_WARN_UNUSED_FUNCTION = YES;
				GCC_WARN_UNUSED_VARIABLE = YES;
				IPHONEOS_DEPLOYMENT_TARGET = 15.0;
				LOCALIZATION_PREFERS_STRING_CATALOGS = YES;
				MTL_ENABLE_DEBUG_INFO = NO;
				MTL_FAST_MATH = YES;
				SDKROOT = iphoneos;
				SWIFT_COMPILATION_MODE = wholemodule;
				VALIDATE_PRODUCT = YES;
			};
			name = Release;
		};
		96BA88462CE463B000A33F96 /* Debug */ = {
			isa = XCBuildConfiguration;
			buildSettings = {
				ASSETCATALOG_COMPILER_APPICON_NAME = AppIcon;
				ASSETCATALOG_COMPILER_GLOBAL_ACCENT_COLOR_NAME = AccentColor;
				CODE_SIGN_STYLE = Automatic;
				CURRENT_PROJECT_VERSION = 1;
				DEVELOPMENT_TEAM = T852J6UR43;
				GENERATE_INFOPLIST_FILE = YES;
				INFOPLIST_FILE = DemoIAP/Info.plist;
				INFOPLIST_KEY_UIApplicationSupportsIndirectInputEvents = YES;
				INFOPLIST_KEY_UILaunchStoryboardName = LaunchScreen;
				INFOPLIST_KEY_UIMainStoryboardFile = Main;
				INFOPLIST_KEY_UISupportedInterfaceOrientations = UIInterfaceOrientationPortrait;
				IPHONEOS_DEPLOYMENT_TARGET = 15.0;
				LD_RUNPATH_SEARCH_PATHS = (
					"$(inherited)",
					"@executable_path/Frameworks",
				);
				MARKETING_VERSION = 1.0;
				PRODUCT_BUNDLE_IDENTIFIER = cat.language.keyboard.diy.combine;
				PRODUCT_NAME = "$(TARGET_NAME)";
				SWIFT_EMIT_LOC_STRINGS = YES;
				SWIFT_VERSION = 5.0;
				TARGETED_DEVICE_FAMILY = "1,2";
			};
			name = Debug;
		};
		96BA88472CE463B000A33F96 /* Release */ = {
			isa = XCBuildConfiguration;
			buildSettings = {
				ASSETCATALOG_COMPILER_APPICON_NAME = AppIcon;
				ASSETCATALOG_COMPILER_GLOBAL_ACCENT_COLOR_NAME = AccentColor;
				CODE_SIGN_STYLE = Automatic;
				CURRENT_PROJECT_VERSION = 1;
				DEVELOPMENT_TEAM = T852J6UR43;
				GENERATE_INFOPLIST_FILE = YES;
				INFOPLIST_FILE = DemoIAP/Info.plist;
				INFOPLIST_KEY_UIApplicationSupportsIndirectInputEvents = YES;
				INFOPLIST_KEY_UILaunchStoryboardName = LaunchScreen;
				INFOPLIST_KEY_UIMainStoryboardFile = Main;
				INFOPLIST_KEY_UISupportedInterfaceOrientations = UIInterfaceOrientationPortrait;
				IPHONEOS_DEPLOYMENT_TARGET = 15.0;
				LD_RUNPATH_SEARCH_PATHS = (
					"$(inherited)",
					"@executable_path/Frameworks",
				);
				MARKETING_VERSION = 1.0;
				PRODUCT_BUNDLE_IDENTIFIER = cat.language.keyboard.diy.combine;
				PRODUCT_NAME = "$(TARGET_NAME)";
				SWIFT_EMIT_LOC_STRINGS = YES;
				SWIFT_VERSION = 5.0;
				TARGETED_DEVICE_FAMILY = "1,2";
			};
			name = Release;
		};
/* End XCBuildConfiguration section */

/* Begin XCConfigurationList section */
		96BA882C2CE463AE00A33F96 /* Build configuration list for PBXProject "DemoIAP" */ = {
			isa = XCConfigurationList;
			buildConfigurations = (
				96BA88432CE463B000A33F96 /* Debug */,
				96BA88442CE463B000A33F96 /* Release */,
			);
			defaultConfigurationIsVisible = 0;
			defaultConfigurationName = Release;
		};
		96BA88452CE463B000A33F96 /* Build configuration list for PBXNativeTarget "DemoIAP" */ = {
			isa = XCConfigurationList;
			buildConfigurations = (
				96BA88462CE463B000A33F96 /* Debug */,
				96BA88472CE463B000A33F96 /* Release */,
			);
			defaultConfigurationIsVisible = 0;
			defaultConfigurationName = Release;
		};
/* End XCConfigurationList section */

/* Begin XCRemoteSwiftPackageReference section */
		96C06F912CED8F86003423C5 /* XCRemoteSwiftPackageReference "IAPManager" */ = {
			isa = XCRemoteSwiftPackageReference;
			repositoryURL = "https://github.com/trinhxuanminh/IAPManager";
			requirement = {
				branch = develop/1.3.0;
				kind = branch;
			};
		};
/* End XCRemoteSwiftPackageReference section */

/* Begin XCSwiftPackageProductDependency section */
		9635244F2CEB350400F7634A /* IAPManager */ = {
			isa = XCSwiftPackageProductDependency;
			productName = IAPManager;
		};
		96C06F922CED8F87003423C5 /* IAPManager */ = {
			isa = XCSwiftPackageProductDependency;
			package = 96C06F912CED8F86003423C5 /* XCRemoteSwiftPackageReference "IAPManager" */;
			productName = IAPManager;
		};
/* End XCSwiftPackageProductDependency section */
	};
	rootObject = 96BA88292CE463AE00A33F96 /* Project object */;
}
